
Microsoft Visual Studio Solution File, Format Version 12.00
# Visual Studio Version 16
VisualStudioVersion = 16.0.31105.61
MinimumVisualStudioVersion = 10.0.40219.1
Project("{FAE04EC0-301F-11D3-BF4B-00C04F79EFBC}") = "Lab5", "Lab5\Lab5.csproj", "{8F2C6DDE-5222-4377-9027-B7AA5C8D9E02}"
EndProject
Global
	GlobalSection(SolutionConfigurationPlatforms) = preSolution
		Debug|Any CPU = Debug|Any CPU
		Release|Any CPU = Release|Any CPU
	EndGlobalSection
	GlobalSection(ProjectConfigurationPlatforms) = postSolution
		{8F2C6DDE-5222-4377-9027-B7AA5C8D9E02}.Debug|Any CPU.ActiveCfg = Debug|Any CPU
		{8F2C6DDE-5222-4377-9027-B7AA5C8D9E02}.Debug|Any CPU.Build.0 = Debug|Any CPU
		{8F2C6DDE-5222-4377-9027-B7AA5C8D9E02}.Release|Any CPU.ActiveCfg = Release|Any CPU
		{8F2C6DDE-5222-4377-9027-B7AA5C8D9E02}.Release|Any CPU.Build.0 = Release|Any CPU
	EndGlobalSection
	GlobalSection(SolutionProperties) = preSolution
		HideSolutionNode = FALSE
	EndGlobalSection
	GlobalSection(ExtensibilityGlobals) = postSolution
		SolutionGuid = {95CD6CFC-1FAA-4DD7-B9AB-FB336B6ABBF4}
	EndGlobalSection
EndGlobal
